
Microsoft Visual Studio Solution File, Format Version 12.00
# Visual Studio Version 17
VisualStudioVersion = 17.0.32112.339
MinimumVisualStudioVersion = 10.0.40219.1
Project("{2150E333-8FDC-42A3-9474-1A3956D46DE8}") = "Services", "Services", "{6A96C787-12E8-4BA6-8750-05D0A97E3BED}"
EndProject
Project("{2150E333-8FDC-42A3-9474-1A3956D46DE8}") = "Catalogs", "Catalogs", "{C3921C25-C00D-4CB6-9D18-7C9888A103A0}"
EndProject
Project("{2150E333-8FDC-42A3-9474-1A3956D46DE8}") = "01. Core", "01. Core", "{DAC23C32-24A4-4A91-B070-B860F8FFB934}"
EndProject
Project("{2150E333-8FDC-42A3-9474-1A3956D46DE8}") = "02. Infra", "02. Infra", "{83684982-C1D4-41AC-B522-A3067DD79274}"
EndProject
Project("{2150E333-8FDC-42A3-9474-1A3956D46DE8}") = "03. Endpoint", "03. Endpoint", "{71DAB7DB-13AE-4003-9B22-DD97B09720F2}"
EndProject
Project("{2150E333-8FDC-42A3-9474-1A3956D46DE8}") = "Common", "Common", "{157B032B-CF23-4077-A6F9-C01476F524C5}"
EndProject
Project("{9A19103F-16F7-4668-BE54-9A1E7A4F7556}") = "MicroShop.Catalogs.EndpointApi", "src\Services\Catalogs\03. Endpoint\MicroShop.Catalogs.EndpointApi\MicroShop.Catalogs.EndpointApi.csproj", "{0B0ABD19-DBB5-4C5B-8010-FAD9BAA7D29B}"
EndProject
Project("{9A19103F-16F7-4668-BE54-9A1E7A4F7556}") = "MicroShop.Common", "src\Common\MicroShop.Common\MicroShop.Common.csproj", "{28BE5783-F510-41C2-B75F-E7965728A09E}"
EndProject
Project("{2150E333-8FDC-42A3-9474-1A3956D46DE8}") = "src", "src", "{C1D85DA1-C393-47BB-94B7-E7C9C1943C8D}"
EndProject
Project("{9A19103F-16F7-4668-BE54-9A1E7A4F7556}") = "MicroShop.Catalogs.Core.Domain", "src\Services\Catalogs\01. Core\MicroShop.Catalogs.Core.Domain\MicroShop.Catalogs.Core.Domain.csproj", "{A89B7230-5530-43BE-9684-0283C6EA259A}"
EndProject
Project("{9A19103F-16F7-4668-BE54-9A1E7A4F7556}") = "MicroShop.Catalogs.Core.ApplicationServices", "src\Services\Catalogs\01. Core\MicroShop.Catalogs.Core.ApplicationServices\MicroShop.Catalogs.Core.ApplicationServices.csproj", "{B7C3134C-6470-4FB5-A11C-9DF51993BBC2}"
EndProject
Project("{2150E333-8FDC-42A3-9474-1A3956D46DE8}") = "Data", "Data", "{BE7A6ACF-815C-48B2-8F04-A02DB08D533F}"
EndProject
Project("{2150E333-8FDC-42A3-9474-1A3956D46DE8}") = "Mail", "Mail", "{5E0DD632-9933-4615-8ED3-9DC28A803238}"
EndProject
Project("{9A19103F-16F7-4668-BE54-9A1E7A4F7556}") = "MicroShop.Catalogs.Data.MongoCommand", "src\Services\Catalogs\02. Infra\Data\MicroShop.Catalogs.Data.MongoCommand\MicroShop.Catalogs.Data.MongoCommand.csproj", "{9E5AF950-3DD1-46FF-AA6C-DDB1E901C315}"
EndProject
Project("{9A19103F-16F7-4668-BE54-9A1E7A4F7556}") = "MicroShop.Catalogs.Infra.Data.MongoQueries", "src\Services\Catalogs\02. Infra\Data\MicroShop.Catalogs.Infra.Data.MongoQueries\MicroShop.Catalogs.Infra.Data.MongoQueries.csproj", "{930A00F2-6662-4750-9E63-6ECCD89F5548}"
EndProject
Project("{9A19103F-16F7-4668-BE54-9A1E7A4F7556}") = "MicroShop.Catalogs.Core.Contracts", "src\Services\Catalogs\01. Core\MicroShop.Catalogs.Core.Contracts\MicroShop.Catalogs.Core.Contracts.csproj", "{20F5B9B1-671B-440A-95ED-3CDCD711BB11}"
EndProject
Project("{E53339B2-1760-4266-BCC7-CA923CBCF16C}") = "docker-compose", "docker-compose.dcproj", "{EAB99598-F245-45E2-8B73-9A6F84036E5D}"
EndProject
Project("{2150E333-8FDC-42A3-9474-1A3956D46DE8}") = "tests", "tests", "{8345D9D2-5A56-444A-8601-25CDBA9C7755}"
EndProject
Global
	GlobalSection(SolutionConfigurationPlatforms) = preSolution
		Debug|Any CPU = Debug|Any CPU
		Release|Any CPU = Release|Any CPU
	EndGlobalSection
	GlobalSection(ProjectConfigurationPlatforms) = postSolution
		{0B0ABD19-DBB5-4C5B-8010-FAD9BAA7D29B}.Debug|Any CPU.ActiveCfg = Debug|Any CPU
		{0B0ABD19-DBB5-4C5B-8010-FAD9BAA7D29B}.Debug|Any CPU.Build.0 = Debug|Any CPU
		{0B0ABD19-DBB5-4C5B-8010-FAD9BAA7D29B}.Release|Any CPU.ActiveCfg = Release|Any CPU
		{0B0ABD19-DBB5-4C5B-8010-FAD9BAA7D29B}.Release|Any CPU.Build.0 = Release|Any CPU
		{28BE5783-F510-41C2-B75F-E7965728A09E}.Debug|Any CPU.ActiveCfg = Debug|Any CPU
		{28BE5783-F510-41C2-B75F-E7965728A09E}.Debug|Any CPU.Build.0 = Debug|Any CPU
		{28BE5783-F510-41C2-B75F-E7965728A09E}.Release|Any CPU.ActiveCfg = Release|Any CPU
		{28BE5783-F510-41C2-B75F-E7965728A09E}.Release|Any CPU.Build.0 = Release|Any CPU
		{A89B7230-5530-43BE-9684-0283C6EA259A}.Debug|Any CPU.ActiveCfg = Debug|Any CPU
		{A89B7230-5530-43BE-9684-0283C6EA259A}.Debug|Any CPU.Build.0 = Debug|Any CPU
		{A89B7230-5530-43BE-9684-0283C6EA259A}.Release|Any CPU.ActiveCfg = Release|Any CPU
		{A89B7230-5530-43BE-9684-0283C6EA259A}.Release|Any CPU.Build.0 = Release|Any CPU
		{B7C3134C-6470-4FB5-A11C-9DF51993BBC2}.Debug|Any CPU.ActiveCfg = Debug|Any CPU
		{B7C3134C-6470-4FB5-A11C-9DF51993BBC2}.Debug|Any CPU.Build.0 = Debug|Any CPU
		{B7C3134C-6470-4FB5-A11C-9DF51993BBC2}.Release|Any CPU.ActiveCfg = Release|Any CPU
		{B7C3134C-6470-4FB5-A11C-9DF51993BBC2}.Release|Any CPU.Build.0 = Release|Any CPU
		{9E5AF950-3DD1-46FF-AA6C-DDB1E901C315}.Debug|Any CPU.ActiveCfg = Debug|Any CPU
		{9E5AF950-3DD1-46FF-AA6C-DDB1E901C315}.Debug|Any CPU.Build.0 = Debug|Any CPU
		{9E5AF950-3DD1-46FF-AA6C-DDB1E901C315}.Release|Any CPU.ActiveCfg = Release|Any CPU
		{9E5AF950-3DD1-46FF-AA6C-DDB1E901C315}.Release|Any CPU.Build.0 = Release|Any CPU
		{930A00F2-6662-4750-9E63-6ECCD89F5548}.Debug|Any CPU.ActiveCfg = Debug|Any CPU
		{930A00F2-6662-4750-9E63-6ECCD89F5548}.Debug|Any CPU.Build.0 = Debug|Any CPU
		{930A00F2-6662-4750-9E63-6ECCD89F5548}.Release|Any CPU.ActiveCfg = Release|Any CPU
		{930A00F2-6662-4750-9E63-6ECCD89F5548}.Release|Any CPU.Build.0 = Release|Any CPU
		{20F5B9B1-671B-440A-95ED-3CDCD711BB11}.Debug|Any CPU.ActiveCfg = Debug|Any CPU
		{20F5B9B1-671B-440A-95ED-3CDCD711BB11}.Debug|Any CPU.Build.0 = Debug|Any CPU
		{20F5B9B1-671B-440A-95ED-3CDCD711BB11}.Release|Any CPU.ActiveCfg = Release|Any CPU
		{20F5B9B1-671B-440A-95ED-3CDCD711BB11}.Release|Any CPU.Build.0 = Release|Any CPU
		{EAB99598-F245-45E2-8B73-9A6F84036E5D}.Debug|Any CPU.ActiveCfg = Debug|Any CPU
		{EAB99598-F245-45E2-8B73-9A6F84036E5D}.Debug|Any CPU.Build.0 = Debug|Any CPU
		{EAB99598-F245-45E2-8B73-9A6F84036E5D}.Release|Any CPU.ActiveCfg = Release|Any CPU
		{EAB99598-F245-45E2-8B73-9A6F84036E5D}.Release|Any CPU.Build.0 = Release|Any CPU
	EndGlobalSection
	GlobalSection(SolutionProperties) = preSolution
		HideSolutionNode = FALSE
	EndGlobalSection
	GlobalSection(NestedProjects) = preSolution
		{6A96C787-12E8-4BA6-8750-05D0A97E3BED} = {C1D85DA1-C393-47BB-94B7-E7C9C1943C8D}
		{C3921C25-C00D-4CB6-9D18-7C9888A103A0} = {6A96C787-12E8-4BA6-8750-05D0A97E3BED}
		{DAC23C32-24A4-4A91-B070-B860F8FFB934} = {C3921C25-C00D-4CB6-9D18-7C9888A103A0}
		{83684982-C1D4-41AC-B522-A3067DD79274} = {C3921C25-C00D-4CB6-9D18-7C9888A103A0}
		{71DAB7DB-13AE-4003-9B22-DD97B09720F2} = {C3921C25-C00D-4CB6-9D18-7C9888A103A0}
		{157B032B-CF23-4077-A6F9-C01476F524C5} = {C1D85DA1-C393-47BB-94B7-E7C9C1943C8D}
		{0B0ABD19-DBB5-4C5B-8010-FAD9BAA7D29B} = {71DAB7DB-13AE-4003-9B22-DD97B09720F2}
		{28BE5783-F510-41C2-B75F-E7965728A09E} = {157B032B-CF23-4077-A6F9-C01476F524C5}
		{A89B7230-5530-43BE-9684-0283C6EA259A} = {DAC23C32-24A4-4A91-B070-B860F8FFB934}
		{B7C3134C-6470-4FB5-A11C-9DF51993BBC2} = {DAC23C32-24A4-4A91-B070-B860F8FFB934}
		{BE7A6ACF-815C-48B2-8F04-A02DB08D533F} = {83684982-C1D4-41AC-B522-A3067DD79274}
		{5E0DD632-9933-4615-8ED3-9DC28A803238} = {83684982-C1D4-41AC-B522-A3067DD79274}
		{9E5AF950-3DD1-46FF-AA6C-DDB1E901C315} = {BE7A6ACF-815C-48B2-8F04-A02DB08D533F}
		{930A00F2-6662-4750-9E63-6ECCD89F5548} = {BE7A6ACF-815C-48B2-8F04-A02DB08D533F}
		{20F5B9B1-671B-440A-95ED-3CDCD711BB11} = {DAC23C32-24A4-4A91-B070-B860F8FFB934}
		{EAB99598-F245-45E2-8B73-9A6F84036E5D} = {C1D85DA1-C393-47BB-94B7-E7C9C1943C8D}
	EndGlobalSection
	GlobalSection(ExtensibilityGlobals) = postSolution
		SolutionGuid = {FD9E6320-B6E7-4005-8A8F-95D45E5B0B8F}
	EndGlobalSection
EndGlobal
